// !$*UTF8*$!
{
	archiveVersion = 1;
	classes = {
	};
	objectVersion = 56;
	objects = {

/* Begin PBXBuildFile section */
		6C0959E42BDCFF4E007E7861 /* RefreshManager.swift in Sources */ = {isa = PBXBuildFile; fileRef = 6C0959E32BDCFF4E007E7861 /* RefreshManager.swift */; };
		6C3CBA542BD9750700CA13A9 /* InnerHeightPreferenceKey.swift in Sources */ = {isa = PBXBuildFile; fileRef = 6C3CBA532BD9750700CA13A9 /* InnerHeightPreferenceKey.swift */; };
		6C3CBA5C2BD97C4E00CA13A9 /* NewFeedViewModel.swift in Sources */ = {isa = PBXBuildFile; fileRef = 6C3CBA5B2BD97C4E00CA13A9 /* NewFeedViewModel.swift */; };
		6C3CBA642BD9922700CA13A9 /* RowViewModel.swift in Sources */ = {isa = PBXBuildFile; fileRef = 6C3CBA632BD9922700CA13A9 /* RowViewModel.swift */; };
		6C3CBA672BD9953F00CA13A9 /* ArticlesListView.swift in Sources */ = {isa = PBXBuildFile; fileRef = 6C3CBA662BD9953F00CA13A9 /* ArticlesListView.swift */; };
		6C3CBA692BD9956C00CA13A9 /* Article.swift in Sources */ = {isa = PBXBuildFile; fileRef = 6C3CBA682BD9956C00CA13A9 /* Article.swift */; };
		6C3CBA6B2BD9989700CA13A9 /* ArticlesListViewModel.swift in Sources */ = {isa = PBXBuildFile; fileRef = 6C3CBA6A2BD9989700CA13A9 /* ArticlesListViewModel.swift */; };
		6C3CBA702BD99CE000CA13A9 /* ArticleView.swift in Sources */ = {isa = PBXBuildFile; fileRef = 6C3CBA6F2BD99CE000CA13A9 /* ArticleView.swift */; };
		6C3CBA732BD99D0E00CA13A9 /* WebView.swift in Sources */ = {isa = PBXBuildFile; fileRef = 6C3CBA722BD99D0E00CA13A9 /* WebView.swift */; };
		6C3CBA752BD99E1200CA13A9 /* ArticleViewModel.swift in Sources */ = {isa = PBXBuildFile; fileRef = 6C3CBA742BD99E1200CA13A9 /* ArticleViewModel.swift */; };
		6C3CBA782BD9A27A00CA13A9 /* Constants.swift in Sources */ = {isa = PBXBuildFile; fileRef = 6C3CBA772BD9A27A00CA13A9 /* Constants.swift */; };
		6C3CBA7F2BDACAB900CA13A9 /* RssFeedService.swift in Sources */ = {isa = PBXBuildFile; fileRef = 6C3CBA7E2BDACAB900CA13A9 /* RssFeedService.swift */; };
		6C3CBA832BDACD0400CA13A9 /* FeedKit in Frameworks */ = {isa = PBXBuildFile; productRef = 6C3CBA822BDACD0400CA13A9 /* FeedKit */; };
		6C3CBA862BDACE6900CA13A9 /* FeedToChannelMapper.swift in Sources */ = {isa = PBXBuildFile; fileRef = 6C3CBA852BDACE6900CA13A9 /* FeedToChannelMapper.swift */; };
		6C3CBA882BDACF1700CA13A9 /* ItemToArticleMapper.swift in Sources */ = {isa = PBXBuildFile; fileRef = 6C3CBA872BDACF1700CA13A9 /* ItemToArticleMapper.swift */; };
		6C3CBA8A2BDACFFD00CA13A9 /* RssReaderError.swift in Sources */ = {isa = PBXBuildFile; fileRef = 6C3CBA892BDACFFD00CA13A9 /* RssReaderError.swift */; };
		6C3CBA8E2BDAD46600CA13A9 /* RemoteChannelDatasource.swift in Sources */ = {isa = PBXBuildFile; fileRef = 6C3CBA8D2BDAD46600CA13A9 /* RemoteChannelDatasource.swift */; };
		6C3CBA912BDAD62300CA13A9 /* ChannelRepository.swift in Sources */ = {isa = PBXBuildFile; fileRef = 6C3CBA902BDAD62300CA13A9 /* ChannelRepository.swift */; };
		6C3CBA972BDAEA7C00CA13A9 /* SubscribeToChannelUseCase.swift in Sources */ = {isa = PBXBuildFile; fileRef = 6C3CBA962BDAEA7C00CA13A9 /* SubscribeToChannelUseCase.swift */; };
		6C3CBA992BDAF0B500CA13A9 /* GetChannelsPublisherUseCase.swift in Sources */ = {isa = PBXBuildFile; fileRef = 6C3CBA982BDAF0B500CA13A9 /* GetChannelsPublisherUseCase.swift */; };
		6C3CBAA82BDBC3CA00CA13A9 /* LocalChannelDatasource.swift in Sources */ = {isa = PBXBuildFile; fileRef = 6C3CBAA72BDBC3CA00CA13A9 /* LocalChannelDatasource.swift */; };
		6C3CBAAF2BDBCAD500CA13A9 /* DatabaseMappingError.swift in Sources */ = {isa = PBXBuildFile; fileRef = 6C3CBAAE2BDBCAD500CA13A9 /* DatabaseMappingError.swift */; };
		6C3CBAB52BDBD4E500CA13A9 /* InitializeWithStoredChannelsUseCase.swift in Sources */ = {isa = PBXBuildFile; fileRef = 6C3CBAB42BDBD4E500CA13A9 /* InitializeWithStoredChannelsUseCase.swift */; };
		6C3CBAB72BDCEDA800CA13A9 /* PersistenceService.swift in Sources */ = {isa = PBXBuildFile; fileRef = 6C3CBAB62BDCEDA800CA13A9 /* PersistenceService.swift */; };
		6C3CBAB92BDCF76400CA13A9 /* UnsubscribeFromChannelUseCase.swift in Sources */ = {isa = PBXBuildFile; fileRef = 6C3CBAB82BDCF76400CA13A9 /* UnsubscribeFromChannelUseCase.swift */; };
		6C3CBABB2BDCF88400CA13A9 /* UpdateChannelUseCase.swift in Sources */ = {isa = PBXBuildFile; fileRef = 6C3CBABA2BDCF88400CA13A9 /* UpdateChannelUseCase.swift */; };
		6C92DD182BDD37420076C596 /* AppFlags.swift in Sources */ = {isa = PBXBuildFile; fileRef = 6C92DD172BDD37420076C596 /* AppFlags.swift */; };
		6C92DD1A2BDD399D0076C596 /* ChannelPersistenceService.swift in Sources */ = {isa = PBXBuildFile; fileRef = 6C92DD192BDD399D0076C596 /* ChannelPersistenceService.swift */; };
		6C92DD1C2BDD39AA0076C596 /* AppFlagsPersistenceService.swift in Sources */ = {isa = PBXBuildFile; fileRef = 6C92DD1B2BDD39AA0076C596 /* AppFlagsPersistenceService.swift */; };
		6C92DD1E2BDD3B200076C596 /* GetAppFlagsUseCase.swift in Sources */ = {isa = PBXBuildFile; fileRef = 6C92DD1D2BDD3B200076C596 /* GetAppFlagsUseCase.swift */; };
		6C92DD202BDD3B810076C596 /* SetAppFlagsUseCase.swift in Sources */ = {isa = PBXBuildFile; fileRef = 6C92DD1F2BDD3B810076C596 /* SetAppFlagsUseCase.swift */; };
		6C92DD222BDD3E6F0076C596 /* GetDidShowOnboardingUseCase.swift in Sources */ = {isa = PBXBuildFile; fileRef = 6C92DD212BDD3E6F0076C596 /* GetDidShowOnboardingUseCase.swift */; };
		6C92DD242BDD45440076C596 /* Localizable.xcstrings in Resources */ = {isa = PBXBuildFile; fileRef = 6C92DD232BDD45440076C596 /* Localizable.xcstrings */; };
		6C92DD262BDD4A590076C596 /* CheckDifferentArticlesCountUseCase.swift in Sources */ = {isa = PBXBuildFile; fileRef = 6C92DD252BDD4A590076C596 /* CheckDifferentArticlesCountUseCase.swift */; };
		6C92DD282BDD4E560076C596 /* GetNewArticlesCountUseCase.swift in Sources */ = {isa = PBXBuildFile; fileRef = 6C92DD272BDD4E560076C596 /* GetNewArticlesCountUseCase.swift */; };
		6C92DD2A2BDD4F370076C596 /* ClearNewArticleCountUseCase.swift in Sources */ = {isa = PBXBuildFile; fileRef = 6C92DD292BDD4F370076C596 /* ClearNewArticleCountUseCase.swift */; };
		6C92DD2C2BDD53AE0076C596 /* NewArticlesCountView.swift in Sources */ = {isa = PBXBuildFile; fileRef = 6C92DD2B2BDD53AE0076C596 /* NewArticlesCountView.swift */; };
		6C92DD322BDFA1460076C596 /* RefreshAllChannelsUseCase.swift in Sources */ = {isa = PBXBuildFile; fileRef = 6C92DD312BDFA1460076C596 /* RefreshAllChannelsUseCase.swift */; };
		6CEB86712BD9401100CD6B48 /* RSS_ReaderApp.swift in Sources */ = {isa = PBXBuildFile; fileRef = 6CEB86702BD9401100CD6B48 /* RSS_ReaderApp.swift */; };
		6CEB86732BD9401100CD6B48 /* ContentView.swift in Sources */ = {isa = PBXBuildFile; fileRef = 6CEB86722BD9401100CD6B48 /* ContentView.swift */; };
		6CEB86752BD9401200CD6B48 /* Assets.xcassets in Resources */ = {isa = PBXBuildFile; fileRef = 6CEB86742BD9401200CD6B48 /* Assets.xcassets */; };
		6CEB86782BD9401200CD6B48 /* Preview Assets.xcassets in Resources */ = {isa = PBXBuildFile; fileRef = 6CEB86772BD9401200CD6B48 /* Preview Assets.xcassets */; };
		6CEB86822BD9401300CD6B48 /* RSS_ReaderTests.swift in Sources */ = {isa = PBXBuildFile; fileRef = 6CEB86812BD9401300CD6B48 /* RSS_ReaderTests.swift */; };
		6CEB869D2BD940C400CD6B48 /* Channel.swift in Sources */ = {isa = PBXBuildFile; fileRef = 6CEB869C2BD940C400CD6B48 /* Channel.swift */; };
		6CEB86A02BD941AE00CD6B48 /* FeedRowView.swift in Sources */ = {isa = PBXBuildFile; fileRef = 6CEB869F2BD941AE00CD6B48 /* FeedRowView.swift */; };
		6CEB86A22BD9453F00CD6B48 /* FeedListView.swift in Sources */ = {isa = PBXBuildFile; fileRef = 6CEB86A12BD9453F00CD6B48 /* FeedListView.swift */; };
		6CEB86A82BD9498500CD6B48 /* FeedNavigationWrapper.swift in Sources */ = {isa = PBXBuildFile; fileRef = 6CEB86A72BD9498500CD6B48 /* FeedNavigationWrapper.swift */; };
		6CEB86AA2BD949D400CD6B48 /* FeedNavigationViewModel.swift in Sources */ = {isa = PBXBuildFile; fileRef = 6CEB86A92BD949D400CD6B48 /* FeedNavigationViewModel.swift */; };
		6CEB86AC2BD94A4700CD6B48 /* NavigationDestination.swift in Sources */ = {isa = PBXBuildFile; fileRef = 6CEB86AB2BD94A4700CD6B48 /* NavigationDestination.swift */; };
		6CEB86AF2BD94D9A00CD6B48 /* FeedListViewModel.swift in Sources */ = {isa = PBXBuildFile; fileRef = 6CEB86AE2BD94D9A00CD6B48 /* FeedListViewModel.swift */; };
		6CEB86B42BD95CE300CD6B48 /* IsLoadingViewModifier.swift in Sources */ = {isa = PBXBuildFile; fileRef = 6CEB86B32BD95CE300CD6B48 /* IsLoadingViewModifier.swift */; };
		6CEB86B72BD9646F00CD6B48 /* Optional+isNil.swift in Sources */ = {isa = PBXBuildFile; fileRef = 6CEB86B62BD9646F00CD6B48 /* Optional+isNil.swift */; };
		6CEB86BE2BD96BC500CD6B48 /* NewFeedView.swift in Sources */ = {isa = PBXBuildFile; fileRef = 6CEB86BD2BD96BC500CD6B48 /* NewFeedView.swift */; };
/* End PBXBuildFile section */

/* Begin PBXContainerItemProxy section */
		6CEB867E2BD9401300CD6B48 /* PBXContainerItemProxy */ = {
			isa = PBXContainerItemProxy;
			containerPortal = 6CEB86652BD9401100CD6B48 /* Project object */;
			proxyType = 1;
			remoteGlobalIDString = 6CEB866C2BD9401100CD6B48;
			remoteInfo = "RSS Reader";
		};
/* End PBXContainerItemProxy section */

/* Begin PBXFileReference section */
		6C0959E32BDCFF4E007E7861 /* RefreshManager.swift */ = {isa = PBXFileReference; lastKnownFileType = sourcecode.swift; path = RefreshManager.swift; sourceTree = "<group>"; };
		6C3CBA532BD9750700CA13A9 /* InnerHeightPreferenceKey.swift */ = {isa = PBXFileReference; lastKnownFileType = sourcecode.swift; path = InnerHeightPreferenceKey.swift; sourceTree = "<group>"; };
		6C3CBA5B2BD97C4E00CA13A9 /* NewFeedViewModel.swift */ = {isa = PBXFileReference; lastKnownFileType = sourcecode.swift; path = NewFeedViewModel.swift; sourceTree = "<group>"; };
		6C3CBA632BD9922700CA13A9 /* RowViewModel.swift */ = {isa = PBXFileReference; lastKnownFileType = sourcecode.swift; path = RowViewModel.swift; sourceTree = "<group>"; };
		6C3CBA662BD9953F00CA13A9 /* ArticlesListView.swift */ = {isa = PBXFileReference; lastKnownFileType = sourcecode.swift; path = ArticlesListView.swift; sourceTree = "<group>"; };
		6C3CBA682BD9956C00CA13A9 /* Article.swift */ = {isa = PBXFileReference; lastKnownFileType = sourcecode.swift; path = Article.swift; sourceTree = "<group>"; };
		6C3CBA6A2BD9989700CA13A9 /* ArticlesListViewModel.swift */ = {isa = PBXFileReference; lastKnownFileType = sourcecode.swift; path = ArticlesListViewModel.swift; sourceTree = "<group>"; };
		6C3CBA6F2BD99CE000CA13A9 /* ArticleView.swift */ = {isa = PBXFileReference; lastKnownFileType = sourcecode.swift; path = ArticleView.swift; sourceTree = "<group>"; };
		6C3CBA722BD99D0E00CA13A9 /* WebView.swift */ = {isa = PBXFileReference; lastKnownFileType = sourcecode.swift; path = WebView.swift; sourceTree = "<group>"; };
		6C3CBA742BD99E1200CA13A9 /* ArticleViewModel.swift */ = {isa = PBXFileReference; lastKnownFileType = sourcecode.swift; path = ArticleViewModel.swift; sourceTree = "<group>"; };
		6C3CBA772BD9A27A00CA13A9 /* Constants.swift */ = {isa = PBXFileReference; lastKnownFileType = sourcecode.swift; path = Constants.swift; sourceTree = "<group>"; };
		6C3CBA792BD9A7CD00CA13A9 /* RSS-Reader-Info.plist */ = {isa = PBXFileReference; lastKnownFileType = text.plist; path = "RSS-Reader-Info.plist"; sourceTree = SOURCE_ROOT; };
		6C3CBA7E2BDACAB900CA13A9 /* RssFeedService.swift */ = {isa = PBXFileReference; lastKnownFileType = sourcecode.swift; path = RssFeedService.swift; sourceTree = "<group>"; };
		6C3CBA852BDACE6900CA13A9 /* FeedToChannelMapper.swift */ = {isa = PBXFileReference; lastKnownFileType = sourcecode.swift; path = FeedToChannelMapper.swift; sourceTree = "<group>"; };
		6C3CBA872BDACF1700CA13A9 /* ItemToArticleMapper.swift */ = {isa = PBXFileReference; lastKnownFileType = sourcecode.swift; path = ItemToArticleMapper.swift; sourceTree = "<group>"; };
		6C3CBA892BDACFFD00CA13A9 /* RssReaderError.swift */ = {isa = PBXFileReference; lastKnownFileType = sourcecode.swift; path = RssReaderError.swift; sourceTree = "<group>"; };
		6C3CBA8D2BDAD46600CA13A9 /* RemoteChannelDatasource.swift */ = {isa = PBXFileReference; lastKnownFileType = sourcecode.swift; path = RemoteChannelDatasource.swift; sourceTree = "<group>"; };
		6C3CBA902BDAD62300CA13A9 /* ChannelRepository.swift */ = {isa = PBXFileReference; lastKnownFileType = sourcecode.swift; path = ChannelRepository.swift; sourceTree = "<group>"; };
		6C3CBA962BDAEA7C00CA13A9 /* SubscribeToChannelUseCase.swift */ = {isa = PBXFileReference; lastKnownFileType = sourcecode.swift; path = SubscribeToChannelUseCase.swift; sourceTree = "<group>"; };
		6C3CBA982BDAF0B500CA13A9 /* GetChannelsPublisherUseCase.swift */ = {isa = PBXFileReference; lastKnownFileType = sourcecode.swift; path = GetChannelsPublisherUseCase.swift; sourceTree = "<group>"; };
		6C3CBAA72BDBC3CA00CA13A9 /* LocalChannelDatasource.swift */ = {isa = PBXFileReference; lastKnownFileType = sourcecode.swift; path = LocalChannelDatasource.swift; sourceTree = "<group>"; };
		6C3CBAAE2BDBCAD500CA13A9 /* DatabaseMappingError.swift */ = {isa = PBXFileReference; lastKnownFileType = sourcecode.swift; path = DatabaseMappingError.swift; sourceTree = "<group>"; };
		6C3CBAB42BDBD4E500CA13A9 /* InitializeWithStoredChannelsUseCase.swift */ = {isa = PBXFileReference; lastKnownFileType = sourcecode.swift; path = InitializeWithStoredChannelsUseCase.swift; sourceTree = "<group>"; };
		6C3CBAB62BDCEDA800CA13A9 /* PersistenceService.swift */ = {isa = PBXFileReference; lastKnownFileType = sourcecode.swift; path = PersistenceService.swift; sourceTree = "<group>"; };
		6C3CBAB82BDCF76400CA13A9 /* UnsubscribeFromChannelUseCase.swift */ = {isa = PBXFileReference; lastKnownFileType = sourcecode.swift; path = UnsubscribeFromChannelUseCase.swift; sourceTree = "<group>"; };
		6C3CBABA2BDCF88400CA13A9 /* UpdateChannelUseCase.swift */ = {isa = PBXFileReference; lastKnownFileType = sourcecode.swift; path = UpdateChannelUseCase.swift; sourceTree = "<group>"; };
		6C92DD172BDD37420076C596 /* AppFlags.swift */ = {isa = PBXFileReference; lastKnownFileType = sourcecode.swift; path = AppFlags.swift; sourceTree = "<group>"; };
		6C92DD192BDD399D0076C596 /* ChannelPersistenceService.swift */ = {isa = PBXFileReference; lastKnownFileType = sourcecode.swift; path = ChannelPersistenceService.swift; sourceTree = "<group>"; };
		6C92DD1B2BDD39AA0076C596 /* AppFlagsPersistenceService.swift */ = {isa = PBXFileReference; lastKnownFileType = sourcecode.swift; path = AppFlagsPersistenceService.swift; sourceTree = "<group>"; };
		6C92DD1D2BDD3B200076C596 /* GetAppFlagsUseCase.swift */ = {isa = PBXFileReference; lastKnownFileType = sourcecode.swift; path = GetAppFlagsUseCase.swift; sourceTree = "<group>"; };
		6C92DD1F2BDD3B810076C596 /* SetAppFlagsUseCase.swift */ = {isa = PBXFileReference; lastKnownFileType = sourcecode.swift; path = SetAppFlagsUseCase.swift; sourceTree = "<group>"; };
		6C92DD212BDD3E6F0076C596 /* GetDidShowOnboardingUseCase.swift */ = {isa = PBXFileReference; lastKnownFileType = sourcecode.swift; path = GetDidShowOnboardingUseCase.swift; sourceTree = "<group>"; };
		6C92DD232BDD45440076C596 /* Localizable.xcstrings */ = {isa = PBXFileReference; lastKnownFileType = text.json.xcstrings; path = Localizable.xcstrings; sourceTree = "<group>"; };
		6C92DD252BDD4A590076C596 /* CheckDifferentArticlesCountUseCase.swift */ = {isa = PBXFileReference; lastKnownFileType = sourcecode.swift; path = CheckDifferentArticlesCountUseCase.swift; sourceTree = "<group>"; };
		6C92DD272BDD4E560076C596 /* GetNewArticlesCountUseCase.swift */ = {isa = PBXFileReference; lastKnownFileType = sourcecode.swift; path = GetNewArticlesCountUseCase.swift; sourceTree = "<group>"; };
		6C92DD292BDD4F370076C596 /* ClearNewArticleCountUseCase.swift */ = {isa = PBXFileReference; lastKnownFileType = sourcecode.swift; path = ClearNewArticleCountUseCase.swift; sourceTree = "<group>"; };
		6C92DD2B2BDD53AE0076C596 /* NewArticlesCountView.swift */ = {isa = PBXFileReference; lastKnownFileType = sourcecode.swift; path = NewArticlesCountView.swift; sourceTree = "<group>"; };
		6C92DD312BDFA1460076C596 /* RefreshAllChannelsUseCase.swift */ = {isa = PBXFileReference; lastKnownFileType = sourcecode.swift; path = RefreshAllChannelsUseCase.swift; sourceTree = "<group>"; };
		6CEB866D2BD9401100CD6B48 /* RSS Reader.app */ = {isa = PBXFileReference; explicitFileType = wrapper.application; includeInIndex = 0; path = "RSS Reader.app"; sourceTree = BUILT_PRODUCTS_DIR; };
		6CEB86702BD9401100CD6B48 /* RSS_ReaderApp.swift */ = {isa = PBXFileReference; lastKnownFileType = sourcecode.swift; path = RSS_ReaderApp.swift; sourceTree = "<group>"; };
		6CEB86722BD9401100CD6B48 /* ContentView.swift */ = {isa = PBXFileReference; lastKnownFileType = sourcecode.swift; path = ContentView.swift; sourceTree = "<group>"; };
		6CEB86742BD9401200CD6B48 /* Assets.xcassets */ = {isa = PBXFileReference; lastKnownFileType = folder.assetcatalog; path = Assets.xcassets; sourceTree = "<group>"; };
		6CEB86772BD9401200CD6B48 /* Preview Assets.xcassets */ = {isa = PBXFileReference; lastKnownFileType = folder.assetcatalog; path = "Preview Assets.xcassets"; sourceTree = "<group>"; };
		6CEB867D2BD9401300CD6B48 /* RSS ReaderTests.xctest */ = {isa = PBXFileReference; explicitFileType = wrapper.cfbundle; includeInIndex = 0; path = "RSS ReaderTests.xctest"; sourceTree = BUILT_PRODUCTS_DIR; };
		6CEB86812BD9401300CD6B48 /* RSS_ReaderTests.swift */ = {isa = PBXFileReference; lastKnownFileType = sourcecode.swift; path = RSS_ReaderTests.swift; sourceTree = "<group>"; };
		6CEB869C2BD940C400CD6B48 /* Channel.swift */ = {isa = PBXFileReference; lastKnownFileType = sourcecode.swift; path = Channel.swift; sourceTree = "<group>"; };
		6CEB869F2BD941AE00CD6B48 /* FeedRowView.swift */ = {isa = PBXFileReference; lastKnownFileType = sourcecode.swift; path = FeedRowView.swift; sourceTree = "<group>"; };
		6CEB86A12BD9453F00CD6B48 /* FeedListView.swift */ = {isa = PBXFileReference; lastKnownFileType = sourcecode.swift; path = FeedListView.swift; sourceTree = "<group>"; };
		6CEB86A72BD9498500CD6B48 /* FeedNavigationWrapper.swift */ = {isa = PBXFileReference; lastKnownFileType = sourcecode.swift; path = FeedNavigationWrapper.swift; sourceTree = "<group>"; };
		6CEB86A92BD949D400CD6B48 /* FeedNavigationViewModel.swift */ = {isa = PBXFileReference; lastKnownFileType = sourcecode.swift; path = FeedNavigationViewModel.swift; sourceTree = "<group>"; };
		6CEB86AB2BD94A4700CD6B48 /* NavigationDestination.swift */ = {isa = PBXFileReference; lastKnownFileType = sourcecode.swift; path = NavigationDestination.swift; sourceTree = "<group>"; };
		6CEB86AE2BD94D9A00CD6B48 /* FeedListViewModel.swift */ = {isa = PBXFileReference; lastKnownFileType = sourcecode.swift; path = FeedListViewModel.swift; sourceTree = "<group>"; };
		6CEB86B32BD95CE300CD6B48 /* IsLoadingViewModifier.swift */ = {isa = PBXFileReference; lastKnownFileType = sourcecode.swift; path = IsLoadingViewModifier.swift; sourceTree = "<group>"; };
		6CEB86B62BD9646F00CD6B48 /* Optional+isNil.swift */ = {isa = PBXFileReference; lastKnownFileType = sourcecode.swift; path = "Optional+isNil.swift"; sourceTree = "<group>"; };
		6CEB86BD2BD96BC500CD6B48 /* NewFeedView.swift */ = {isa = PBXFileReference; lastKnownFileType = sourcecode.swift; path = NewFeedView.swift; sourceTree = "<group>"; };
/* End PBXFileReference section */

/* Begin PBXFrameworksBuildPhase section */
		6CEB866A2BD9401100CD6B48 /* Frameworks */ = {
			isa = PBXFrameworksBuildPhase;
			buildActionMask = 2147483647;
			files = (
				6C3CBA832BDACD0400CA13A9 /* FeedKit in Frameworks */,
			);
			runOnlyForDeploymentPostprocessing = 0;
		};
		6CEB867A2BD9401300CD6B48 /* Frameworks */ = {
			isa = PBXFrameworksBuildPhase;
			buildActionMask = 2147483647;
			files = (
			);
			runOnlyForDeploymentPostprocessing = 0;
		};
/* End PBXFrameworksBuildPhase section */

/* Begin PBXGroup section */
		6C0959E22BDCFF44007E7861 /* Managers */ = {
			isa = PBXGroup;
			children = (
				6C0959E32BDCFF4E007E7861 /* RefreshManager.swift */,
			);
			path = Managers;
			sourceTree = "<group>";
		};
		6C3CBA502BD974E700CA13A9 /* Common */ = {
			isa = PBXGroup;
			children = (
				6C3CBAAD2BDBCABF00CA13A9 /* Errors */,
				6C3CBA522BD974F400CA13A9 /* PreferenceKeys */,
				6C3CBA772BD9A27A00CA13A9 /* Constants.swift */,
			);
			path = Common;
			sourceTree = "<group>";
		};
		6C3CBA522BD974F400CA13A9 /* PreferenceKeys */ = {
			isa = PBXGroup;
			children = (
				6C3CBA532BD9750700CA13A9 /* InnerHeightPreferenceKey.swift */,
			);
			path = PreferenceKeys;
			sourceTree = "<group>";
		};
		6C3CBA582BD97B6900CA13A9 /* NewFeed */ = {
			isa = PBXGroup;
			children = (
				6CEB86BD2BD96BC500CD6B48 /* NewFeedView.swift */,
				6C3CBA5B2BD97C4E00CA13A9 /* NewFeedViewModel.swift */,
			);
			path = NewFeed;
			sourceTree = "<group>";
		};
		6C3CBA652BD9952800CA13A9 /* ArticlesList */ = {
			isa = PBXGroup;
			children = (
				6C3CBA662BD9953F00CA13A9 /* ArticlesListView.swift */,
				6C3CBA6A2BD9989700CA13A9 /* ArticlesListViewModel.swift */,
			);
			path = ArticlesList;
			sourceTree = "<group>";
		};
		6C3CBA6E2BD99CD500CA13A9 /* Article */ = {
			isa = PBXGroup;
			children = (
				6C3CBA6F2BD99CE000CA13A9 /* ArticleView.swift */,
				6C3CBA742BD99E1200CA13A9 /* ArticleViewModel.swift */,
			);
			path = Article;
			sourceTree = "<group>";
		};
		6C3CBA712BD99CF400CA13A9 /* Components */ = {
			isa = PBXGroup;
			children = (
				6C3CBA762BD9A07900CA13A9 /* Row */,
				6C3CBA722BD99D0E00CA13A9 /* WebView.swift */,
				6C92DD2B2BDD53AE0076C596 /* NewArticlesCountView.swift */,
			);
			path = Components;
			sourceTree = "<group>";
		};
		6C3CBA762BD9A07900CA13A9 /* Row */ = {
			isa = PBXGroup;
			children = (
				6C3CBA632BD9922700CA13A9 /* RowViewModel.swift */,
				6CEB869F2BD941AE00CD6B48 /* FeedRowView.swift */,
			);
			path = Row;
			sourceTree = "<group>";
		};
		6C3CBA7C2BDAC22900CA13A9 /* Infrastructure */ = {
			isa = PBXGroup;
			children = (
				6C0959E22BDCFF44007E7861 /* Managers */,
				6C3CBA9F2BDBBDBF00CA13A9 /* LocalStorage */,
				6C3CBA7D2BDACAA700CA13A9 /* Network */,
			);
			path = Infrastructure;
			sourceTree = "<group>";
		};
		6C3CBA7D2BDACAA700CA13A9 /* Network */ = {
			isa = PBXGroup;
			children = (
				6C3CBA7E2BDACAB900CA13A9 /* RssFeedService.swift */,
			);
			path = Network;
			sourceTree = "<group>";
		};
		6C3CBA842BDACE5D00CA13A9 /* Mappers */ = {
			isa = PBXGroup;
			children = (
				6C3CBA852BDACE6900CA13A9 /* FeedToChannelMapper.swift */,
				6C3CBA872BDACF1700CA13A9 /* ItemToArticleMapper.swift */,
			);
			path = Mappers;
			sourceTree = "<group>";
		};
		6C3CBA8B2BDAD41F00CA13A9 /* Data */ = {
			isa = PBXGroup;
			children = (
				6C3CBA8C2BDAD42700CA13A9 /* Datasources */,
				6C3CBA8F2BDAD60C00CA13A9 /* Repositories */,
				6CEB869B2BD940A400CD6B48 /* Models */,
				6C3CBA842BDACE5D00CA13A9 /* Mappers */,
			);
			path = Data;
			sourceTree = "<group>";
		};
		6C3CBA8C2BDAD42700CA13A9 /* Datasources */ = {
			isa = PBXGroup;
			children = (
				6C3CBA8D2BDAD46600CA13A9 /* RemoteChannelDatasource.swift */,
				6C3CBAA72BDBC3CA00CA13A9 /* LocalChannelDatasource.swift */,
			);
			path = Datasources;
			sourceTree = "<group>";
		};
		6C3CBA8F2BDAD60C00CA13A9 /* Repositories */ = {
			isa = PBXGroup;
			children = (
				6C3CBA902BDAD62300CA13A9 /* ChannelRepository.swift */,
			);
			path = Repositories;
			sourceTree = "<group>";
		};
		6C3CBA942BDAEA5B00CA13A9 /* Domain */ = {
			isa = PBXGroup;
			children = (
				6C3CBA952BDAEA6A00CA13A9 /* UseCases */,
			);
			path = Domain;
			sourceTree = "<group>";
		};
		6C3CBA952BDAEA6A00CA13A9 /* UseCases */ = {
			isa = PBXGroup;
			children = (
				6C3CBA962BDAEA7C00CA13A9 /* SubscribeToChannelUseCase.swift */,
				6C3CBA982BDAF0B500CA13A9 /* GetChannelsPublisherUseCase.swift */,
				6C3CBAB42BDBD4E500CA13A9 /* InitializeWithStoredChannelsUseCase.swift */,
				6C3CBAB82BDCF76400CA13A9 /* UnsubscribeFromChannelUseCase.swift */,
				6C3CBABA2BDCF88400CA13A9 /* UpdateChannelUseCase.swift */,
				6C92DD1D2BDD3B200076C596 /* GetAppFlagsUseCase.swift */,
				6C92DD1F2BDD3B810076C596 /* SetAppFlagsUseCase.swift */,
				6C92DD212BDD3E6F0076C596 /* GetDidShowOnboardingUseCase.swift */,
				6C92DD252BDD4A590076C596 /* CheckDifferentArticlesCountUseCase.swift */,
				6C92DD272BDD4E560076C596 /* GetNewArticlesCountUseCase.swift */,
				6C92DD292BDD4F370076C596 /* ClearNewArticleCountUseCase.swift */,
				6C92DD312BDFA1460076C596 /* RefreshAllChannelsUseCase.swift */,
			);
			path = UseCases;
			sourceTree = "<group>";
		};
		6C3CBA9F2BDBBDBF00CA13A9 /* LocalStorage */ = {
			isa = PBXGroup;
			children = (
				6C3CBAB62BDCEDA800CA13A9 /* PersistenceService.swift */,
				6C92DD192BDD399D0076C596 /* ChannelPersistenceService.swift */,
				6C92DD1B2BDD39AA0076C596 /* AppFlagsPersistenceService.swift */,
			);
			path = LocalStorage;
			sourceTree = "<group>";
		};
		6C3CBAAD2BDBCABF00CA13A9 /* Errors */ = {
			isa = PBXGroup;
			children = (
				6C3CBA892BDACFFD00CA13A9 /* RssReaderError.swift */,
				6C3CBAAE2BDBCAD500CA13A9 /* DatabaseMappingError.swift */,
			);
			path = Errors;
			sourceTree = "<group>";
		};
		6CEB86642BD9401100CD6B48 = {
			isa = PBXGroup;
			children = (
				6CEB866F2BD9401100CD6B48 /* RSS Reader */,
				6CEB86802BD9401300CD6B48 /* RSS ReaderTests */,
				6CEB866E2BD9401100CD6B48 /* Products */,
			);
			sourceTree = "<group>";
		};
		6CEB866E2BD9401100CD6B48 /* Products */ = {
			isa = PBXGroup;
			children = (
				6CEB866D2BD9401100CD6B48 /* RSS Reader.app */,
				6CEB867D2BD9401300CD6B48 /* RSS ReaderTests.xctest */,
			);
			name = Products;
			sourceTree = "<group>";
		};
		6CEB866F2BD9401100CD6B48 /* RSS Reader */ = {
			isa = PBXGroup;
			children = (
				6C3CBA942BDAEA5B00CA13A9 /* Domain */,
				6C3CBA8B2BDAD41F00CA13A9 /* Data */,
				6C3CBA7C2BDAC22900CA13A9 /* Infrastructure */,
				6C3CBA792BD9A7CD00CA13A9 /* RSS-Reader-Info.plist */,
				6C3CBA502BD974E700CA13A9 /* Common */,
				6CEB86B52BD9646100CD6B48 /* Extensions */,
				6CEB86AD2BD94C8E00CD6B48 /* Resources */,
				6CEB86A62BD9497300CD6B48 /* Navigation */,
				6CEB869A2BD9409D00CD6B48 /* Presentation */,
				6CEB86702BD9401100CD6B48 /* RSS_ReaderApp.swift */,
				6CEB86722BD9401100CD6B48 /* ContentView.swift */,
				6CEB86762BD9401200CD6B48 /* Preview Content */,
			);
			path = "RSS Reader";
			sourceTree = "<group>";
		};
		6CEB86762BD9401200CD6B48 /* Preview Content */ = {
			isa = PBXGroup;
			children = (
				6CEB86772BD9401200CD6B48 /* Preview Assets.xcassets */,
			);
			path = "Preview Content";
			sourceTree = "<group>";
		};
		6CEB86802BD9401300CD6B48 /* RSS ReaderTests */ = {
			isa = PBXGroup;
			children = (
				6CEB86812BD9401300CD6B48 /* RSS_ReaderTests.swift */,
			);
			path = "RSS ReaderTests";
			sourceTree = "<group>";
		};
		6CEB869A2BD9409D00CD6B48 /* Presentation */ = {
			isa = PBXGroup;
			children = (
				6C3CBA712BD99CF400CA13A9 /* Components */,
				6C3CBA6E2BD99CD500CA13A9 /* Article */,
				6C3CBA652BD9952800CA13A9 /* ArticlesList */,
				6C3CBA582BD97B6900CA13A9 /* NewFeed */,
				6CEB86B02BD95CB200CD6B48 /* Common */,
				6CEB869E2BD9413200CD6B48 /* Feed */,
			);
			path = Presentation;
			sourceTree = "<group>";
		};
		6CEB869B2BD940A400CD6B48 /* Models */ = {
			isa = PBXGroup;
			children = (
				6CEB869C2BD940C400CD6B48 /* Channel.swift */,
				6C3CBA682BD9956C00CA13A9 /* Article.swift */,
				6C92DD172BDD37420076C596 /* AppFlags.swift */,
			);
			path = Models;
			sourceTree = "<group>";
		};
		6CEB869E2BD9413200CD6B48 /* Feed */ = {
			isa = PBXGroup;
			children = (
				6CEB86A12BD9453F00CD6B48 /* FeedListView.swift */,
				6CEB86AE2BD94D9A00CD6B48 /* FeedListViewModel.swift */,
			);
			path = Feed;
			sourceTree = "<group>";
		};
		6CEB86A62BD9497300CD6B48 /* Navigation */ = {
			isa = PBXGroup;
			children = (
				6CEB86A72BD9498500CD6B48 /* FeedNavigationWrapper.swift */,
				6CEB86A92BD949D400CD6B48 /* FeedNavigationViewModel.swift */,
				6CEB86AB2BD94A4700CD6B48 /* NavigationDestination.swift */,
			);
			path = Navigation;
			sourceTree = "<group>";
		};
		6CEB86AD2BD94C8E00CD6B48 /* Resources */ = {
			isa = PBXGroup;
			children = (
				6CEB86742BD9401200CD6B48 /* Assets.xcassets */,
				6C92DD232BDD45440076C596 /* Localizable.xcstrings */,
			);
			path = Resources;
			sourceTree = "<group>";
		};
		6CEB86B02BD95CB200CD6B48 /* Common */ = {
			isa = PBXGroup;
			children = (
				6CEB86B22BD95CCA00CD6B48 /* Modifiers */,
			);
			path = Common;
			sourceTree = "<group>";
		};
		6CEB86B22BD95CCA00CD6B48 /* Modifiers */ = {
			isa = PBXGroup;
			children = (
				6CEB86B32BD95CE300CD6B48 /* IsLoadingViewModifier.swift */,
			);
			path = Modifiers;
			sourceTree = "<group>";
		};
		6CEB86B52BD9646100CD6B48 /* Extensions */ = {
			isa = PBXGroup;
			children = (
				6CEB86B62BD9646F00CD6B48 /* Optional+isNil.swift */,
			);
			path = Extensions;
			sourceTree = "<group>";
		};
/* End PBXGroup section */

/* Begin PBXNativeTarget section */
		6CEB866C2BD9401100CD6B48 /* RSS Reader */ = {
			isa = PBXNativeTarget;
			buildConfigurationList = 6CEB86912BD9401300CD6B48 /* Build configuration list for PBXNativeTarget "RSS Reader" */;
			buildPhases = (
				6CEB86692BD9401100CD6B48 /* Sources */,
				6CEB866A2BD9401100CD6B48 /* Frameworks */,
				6CEB866B2BD9401100CD6B48 /* Resources */,
			);
			buildRules = (
			);
			dependencies = (
			);
			name = "RSS Reader";
			packageProductDependencies = (
				6C3CBA822BDACD0400CA13A9 /* FeedKit */,
			);
			productName = "RSS Reader";
			productReference = 6CEB866D2BD9401100CD6B48 /* RSS Reader.app */;
			productType = "com.apple.product-type.application";
		};
		6CEB867C2BD9401300CD6B48 /* RSS ReaderTests */ = {
			isa = PBXNativeTarget;
			buildConfigurationList = 6CEB86942BD9401300CD6B48 /* Build configuration list for PBXNativeTarget "RSS ReaderTests" */;
			buildPhases = (
				6CEB86792BD9401300CD6B48 /* Sources */,
				6CEB867A2BD9401300CD6B48 /* Frameworks */,
				6CEB867B2BD9401300CD6B48 /* Resources */,
			);
			buildRules = (
			);
			dependencies = (
				6CEB867F2BD9401300CD6B48 /* PBXTargetDependency */,
			);
			name = "RSS ReaderTests";
			productName = "RSS ReaderTests";
			productReference = 6CEB867D2BD9401300CD6B48 /* RSS ReaderTests.xctest */;
			productType = "com.apple.product-type.bundle.unit-test";
		};
/* End PBXNativeTarget section */

/* Begin PBXProject section */
		6CEB86652BD9401100CD6B48 /* Project object */ = {
			isa = PBXProject;
			attributes = {
				BuildIndependentTargetsInParallel = 1;
				LastSwiftUpdateCheck = 1530;
				LastUpgradeCheck = 1530;
				TargetAttributes = {
					6CEB866C2BD9401100CD6B48 = {
						CreatedOnToolsVersion = 15.3;
					};
					6CEB867C2BD9401300CD6B48 = {
						CreatedOnToolsVersion = 15.3;
						TestTargetID = 6CEB866C2BD9401100CD6B48;
					};
				};
			};
			buildConfigurationList = 6CEB86682BD9401100CD6B48 /* Build configuration list for PBXProject "RSS Reader" */;
			compatibilityVersion = "Xcode 14.0";
			developmentRegion = en;
			hasScannedForEncodings = 0;
			knownRegions = (
				en,
				Base,
			);
			mainGroup = 6CEB86642BD9401100CD6B48;
			packageReferences = (
				6C3CBA812BDACD0400CA13A9 /* XCRemoteSwiftPackageReference "FeedKit" */,
			);
			productRefGroup = 6CEB866E2BD9401100CD6B48 /* Products */;
			projectDirPath = "";
			projectRoot = "";
			targets = (
				6CEB866C2BD9401100CD6B48 /* RSS Reader */,
				6CEB867C2BD9401300CD6B48 /* RSS ReaderTests */,
			);
		};
/* End PBXProject section */

/* Begin PBXResourcesBuildPhase section */
		6CEB866B2BD9401100CD6B48 /* Resources */ = {
			isa = PBXResourcesBuildPhase;
			buildActionMask = 2147483647;
			files = (
				6CEB86782BD9401200CD6B48 /* Preview Assets.xcassets in Resources */,
				6CEB86752BD9401200CD6B48 /* Assets.xcassets in Resources */,
				6C92DD242BDD45440076C596 /* Localizable.xcstrings in Resources */,
			);
			runOnlyForDeploymentPostprocessing = 0;
		};
		6CEB867B2BD9401300CD6B48 /* Resources */ = {
			isa = PBXResourcesBuildPhase;
			buildActionMask = 2147483647;
			files = (
			);
			runOnlyForDeploymentPostprocessing = 0;
		};
/* End PBXResourcesBuildPhase section */

/* Begin PBXSourcesBuildPhase section */
		6CEB86692BD9401100CD6B48 /* Sources */ = {
			isa = PBXSourcesBuildPhase;
			buildActionMask = 2147483647;
			files = (
				6C92DD262BDD4A590076C596 /* CheckDifferentArticlesCountUseCase.swift in Sources */,
				6C3CBAB72BDCEDA800CA13A9 /* PersistenceService.swift in Sources */,
				6C92DD1A2BDD399D0076C596 /* ChannelPersistenceService.swift in Sources */,
				6CEB86B42BD95CE300CD6B48 /* IsLoadingViewModifier.swift in Sources */,
				6CEB86AC2BD94A4700CD6B48 /* NavigationDestination.swift in Sources */,
				6C3CBA882BDACF1700CA13A9 /* ItemToArticleMapper.swift in Sources */,
				6C3CBAB52BDBD4E500CA13A9 /* InitializeWithStoredChannelsUseCase.swift in Sources */,
				6C3CBA692BD9956C00CA13A9 /* Article.swift in Sources */,
				6C3CBA8A2BDACFFD00CA13A9 /* RssReaderError.swift in Sources */,
				6C92DD1C2BDD39AA0076C596 /* AppFlagsPersistenceService.swift in Sources */,
				6CEB86AF2BD94D9A00CD6B48 /* FeedListViewModel.swift in Sources */,
				6C3CBAB92BDCF76400CA13A9 /* UnsubscribeFromChannelUseCase.swift in Sources */,
				6C3CBA8E2BDAD46600CA13A9 /* RemoteChannelDatasource.swift in Sources */,
				6C3CBA992BDAF0B500CA13A9 /* GetChannelsPublisherUseCase.swift in Sources */,
				6CEB86A02BD941AE00CD6B48 /* FeedRowView.swift in Sources */,
				6C92DD282BDD4E560076C596 /* GetNewArticlesCountUseCase.swift in Sources */,
				6C92DD222BDD3E6F0076C596 /* GetDidShowOnboardingUseCase.swift in Sources */,
				6C3CBAA82BDBC3CA00CA13A9 /* LocalChannelDatasource.swift in Sources */,
				6C3CBA542BD9750700CA13A9 /* InnerHeightPreferenceKey.swift in Sources */,
				6C3CBA782BD9A27A00CA13A9 /* Constants.swift in Sources */,
				6C3CBA732BD99D0E00CA13A9 /* WebView.swift in Sources */,
				6C3CBA752BD99E1200CA13A9 /* ArticleViewModel.swift in Sources */,
				6C92DD1E2BDD3B200076C596 /* GetAppFlagsUseCase.swift in Sources */,
				6C92DD322BDFA1460076C596 /* RefreshAllChannelsUseCase.swift in Sources */,
				6C3CBA672BD9953F00CA13A9 /* ArticlesListView.swift in Sources */,
				6C3CBA702BD99CE000CA13A9 /* ArticleView.swift in Sources */,
				6CEB86732BD9401100CD6B48 /* ContentView.swift in Sources */,
				6C3CBABB2BDCF88400CA13A9 /* UpdateChannelUseCase.swift in Sources */,
				6CEB86AA2BD949D400CD6B48 /* FeedNavigationViewModel.swift in Sources */,
				6C0959E42BDCFF4E007E7861 /* RefreshManager.swift in Sources */,
				6C3CBA972BDAEA7C00CA13A9 /* SubscribeToChannelUseCase.swift in Sources */,
				6CEB86A22BD9453F00CD6B48 /* FeedListView.swift in Sources */,
				6C92DD182BDD37420076C596 /* AppFlags.swift in Sources */,
				6C3CBA6B2BD9989700CA13A9 /* ArticlesListViewModel.swift in Sources */,
				6C3CBA912BDAD62300CA13A9 /* ChannelRepository.swift in Sources */,
				6CEB86A82BD9498500CD6B48 /* FeedNavigationWrapper.swift in Sources */,
				6C3CBA642BD9922700CA13A9 /* RowViewModel.swift in Sources */,
				6CEB86712BD9401100CD6B48 /* RSS_ReaderApp.swift in Sources */,
				6CEB86BE2BD96BC500CD6B48 /* NewFeedView.swift in Sources */,
				6C3CBA5C2BD97C4E00CA13A9 /* NewFeedViewModel.swift in Sources */,
				6C3CBA862BDACE6900CA13A9 /* FeedToChannelMapper.swift in Sources */,
				6C92DD2A2BDD4F370076C596 /* ClearNewArticleCountUseCase.swift in Sources */,
				6C92DD2C2BDD53AE0076C596 /* NewArticlesCountView.swift in Sources */,
				6CEB869D2BD940C400CD6B48 /* Channel.swift in Sources */,
				6C92DD202BDD3B810076C596 /* SetAppFlagsUseCase.swift in Sources */,
				6C3CBAAF2BDBCAD500CA13A9 /* DatabaseMappingError.swift in Sources */,
				6C3CBA7F2BDACAB900CA13A9 /* RssFeedService.swift in Sources */,
				6CEB86B72BD9646F00CD6B48 /* Optional+isNil.swift in Sources */,
			);
			runOnlyForDeploymentPostprocessing = 0;
		};
		6CEB86792BD9401300CD6B48 /* Sources */ = {
			isa = PBXSourcesBuildPhase;
			buildActionMask = 2147483647;
			files = (
				6CEB86822BD9401300CD6B48 /* RSS_ReaderTests.swift in Sources */,
			);
			runOnlyForDeploymentPostprocessing = 0;
		};
/* End PBXSourcesBuildPhase section */

/* Begin PBXTargetDependency section */
		6CEB867F2BD9401300CD6B48 /* PBXTargetDependency */ = {
			isa = PBXTargetDependency;
			target = 6CEB866C2BD9401100CD6B48 /* RSS Reader */;
			targetProxy = 6CEB867E2BD9401300CD6B48 /* PBXContainerItemProxy */;
		};
/* End PBXTargetDependency section */

/* Begin XCBuildConfiguration section */
		6CEB868F2BD9401300CD6B48 /* Debug */ = {
			isa = XCBuildConfiguration;
			buildSettings = {
				ALWAYS_SEARCH_USER_PATHS = NO;
				ASSETCATALOG_COMPILER_GENERATE_SWIFT_ASSET_SYMBOL_EXTENSIONS = YES;
				CLANG_ANALYZER_NONNULL = YES;
				CLANG_ANALYZER_NUMBER_OBJECT_CONVERSION = YES_AGGRESSIVE;
				CLANG_CXX_LANGUAGE_STANDARD = "gnu++20";
				CLANG_ENABLE_MODULES = YES;
				CLANG_ENABLE_OBJC_ARC = YES;
				CLANG_ENABLE_OBJC_WEAK = YES;
				CLANG_WARN_BLOCK_CAPTURE_AUTORELEASING = YES;
				CLANG_WARN_BOOL_CONVERSION = YES;
				CLANG_WARN_COMMA = YES;
				CLANG_WARN_CONSTANT_CONVERSION = YES;
				CLANG_WARN_DEPRECATED_OBJC_IMPLEMENTATIONS = YES;
				CLANG_WARN_DIRECT_OBJC_ISA_USAGE = YES_ERROR;
				CLANG_WARN_DOCUMENTATION_COMMENTS = YES;
				CLANG_WARN_EMPTY_BODY = YES;
				CLANG_WARN_ENUM_CONVERSION = YES;
				CLANG_WARN_INFINITE_RECURSION = YES;
				CLANG_WARN_INT_CONVERSION = YES;
				CLANG_WARN_NON_LITERAL_NULL_CONVERSION = YES;
				CLANG_WARN_OBJC_IMPLICIT_RETAIN_SELF = YES;
				CLANG_WARN_OBJC_LITERAL_CONVERSION = YES;
				CLANG_WARN_OBJC_ROOT_CLASS = YES_ERROR;
				CLANG_WARN_QUOTED_INCLUDE_IN_FRAMEWORK_HEADER = YES;
				CLANG_WARN_RANGE_LOOP_ANALYSIS = YES;
				CLANG_WARN_STRICT_PROTOTYPES = YES;
				CLANG_WARN_SUSPICIOUS_MOVE = YES;
				CLANG_WARN_UNGUARDED_AVAILABILITY = YES_AGGRESSIVE;
				CLANG_WARN_UNREACHABLE_CODE = YES;
				CLANG_WARN__DUPLICATE_METHOD_MATCH = YES;
				COPY_PHASE_STRIP = NO;
				DEBUG_INFORMATION_FORMAT = dwarf;
				ENABLE_STRICT_OBJC_MSGSEND = YES;
				ENABLE_TESTABILITY = YES;
				ENABLE_USER_SCRIPT_SANDBOXING = YES;
				GCC_C_LANGUAGE_STANDARD = gnu17;
				GCC_DYNAMIC_NO_PIC = NO;
				GCC_NO_COMMON_BLOCKS = YES;
				GCC_OPTIMIZATION_LEVEL = 0;
				GCC_PREPROCESSOR_DEFINITIONS = (
					"DEBUG=1",
					"$(inherited)",
				);
				GCC_WARN_64_TO_32_BIT_CONVERSION = YES;
				GCC_WARN_ABOUT_RETURN_TYPE = YES_ERROR;
				GCC_WARN_UNDECLARED_SELECTOR = YES;
				GCC_WARN_UNINITIALIZED_AUTOS = YES_AGGRESSIVE;
				GCC_WARN_UNUSED_FUNCTION = YES;
				GCC_WARN_UNUSED_VARIABLE = YES;
				IPHONEOS_DEPLOYMENT_TARGET = 17.4;
				LOCALIZATION_PREFERS_STRING_CATALOGS = YES;
				MTL_ENABLE_DEBUG_INFO = INCLUDE_SOURCE;
				MTL_FAST_MATH = YES;
				ONLY_ACTIVE_ARCH = YES;
				SDKROOT = iphoneos;
				SWIFT_ACTIVE_COMPILATION_CONDITIONS = "DEBUG $(inherited)";
				SWIFT_OPTIMIZATION_LEVEL = "-Onone";
			};
			name = Debug;
		};
		6CEB86902BD9401300CD6B48 /* Release */ = {
			isa = XCBuildConfiguration;
			buildSettings = {
				ALWAYS_SEARCH_USER_PATHS = NO;
				ASSETCATALOG_COMPILER_GENERATE_SWIFT_ASSET_SYMBOL_EXTENSIONS = YES;
				CLANG_ANALYZER_NONNULL = YES;
				CLANG_ANALYZER_NUMBER_OBJECT_CONVERSION = YES_AGGRESSIVE;
				CLANG_CXX_LANGUAGE_STANDARD = "gnu++20";
				CLANG_ENABLE_MODULES = YES;
				CLANG_ENABLE_OBJC_ARC = YES;
				CLANG_ENABLE_OBJC_WEAK = YES;
				CLANG_WARN_BLOCK_CAPTURE_AUTORELEASING = YES;
				CLANG_WARN_BOOL_CONVERSION = YES;
				CLANG_WARN_COMMA = YES;
				CLANG_WARN_CONSTANT_CONVERSION = YES;
				CLANG_WARN_DEPRECATED_OBJC_IMPLEMENTATIONS = YES;
				CLANG_WARN_DIRECT_OBJC_ISA_USAGE = YES_ERROR;
				CLANG_WARN_DOCUMENTATION_COMMENTS = YES;
				CLANG_WARN_EMPTY_BODY = YES;
				CLANG_WARN_ENUM_CONVERSION = YES;
				CLANG_WARN_INFINITE_RECURSION = YES;
				CLANG_WARN_INT_CONVERSION = YES;
				CLANG_WARN_NON_LITERAL_NULL_CONVERSION = YES;
				CLANG_WARN_OBJC_IMPLICIT_RETAIN_SELF = YES;
				CLANG_WARN_OBJC_LITERAL_CONVERSION = YES;
				CLANG_WARN_OBJC_ROOT_CLASS = YES_ERROR;
				CLANG_WARN_QUOTED_INCLUDE_IN_FRAMEWORK_HEADER = YES;
				CLANG_WARN_RANGE_LOOP_ANALYSIS = YES;
				CLANG_WARN_STRICT_PROTOTYPES = YES;
				CLANG_WARN_SUSPICIOUS_MOVE = YES;
				CLANG_WARN_UNGUARDED_AVAILABILITY = YES_AGGRESSIVE;
				CLANG_WARN_UNREACHABLE_CODE = YES;
				CLANG_WARN__DUPLICATE_METHOD_MATCH = YES;
				COPY_PHASE_STRIP = NO;
				DEBUG_INFORMATION_FORMAT = "dwarf-with-dsym";
				ENABLE_NS_ASSERTIONS = NO;
				ENABLE_STRICT_OBJC_MSGSEND = YES;
				ENABLE_USER_SCRIPT_SANDBOXING = YES;
				GCC_C_LANGUAGE_STANDARD = gnu17;
				GCC_NO_COMMON_BLOCKS = YES;
				GCC_WARN_64_TO_32_BIT_CONVERSION = YES;
				GCC_WARN_ABOUT_RETURN_TYPE = YES_ERROR;
				GCC_WARN_UNDECLARED_SELECTOR = YES;
				GCC_WARN_UNINITIALIZED_AUTOS = YES_AGGRESSIVE;
				GCC_WARN_UNUSED_FUNCTION = YES;
				GCC_WARN_UNUSED_VARIABLE = YES;
				IPHONEOS_DEPLOYMENT_TARGET = 17.4;
				LOCALIZATION_PREFERS_STRING_CATALOGS = YES;
				MTL_ENABLE_DEBUG_INFO = NO;
				MTL_FAST_MATH = YES;
				SDKROOT = iphoneos;
				SWIFT_COMPILATION_MODE = wholemodule;
				VALIDATE_PRODUCT = YES;
			};
			name = Release;
		};
		6CEB86922BD9401300CD6B48 /* Debug */ = {
			isa = XCBuildConfiguration;
			buildSettings = {
				ASSETCATALOG_COMPILER_APPICON_NAME = AppIcon;
				ASSETCATALOG_COMPILER_GLOBAL_ACCENT_COLOR_NAME = AccentColor;
				CODE_SIGN_STYLE = Automatic;
				CURRENT_PROJECT_VERSION = 1;
				DEVELOPMENT_ASSET_PATHS = "\"RSS Reader/Preview Content\"";
				DEVELOPMENT_TEAM = 58J6LXC5V5;
				ENABLE_PREVIEWS = YES;
				GENERATE_INFOPLIST_FILE = YES;
				INFOPLIST_FILE = "RSS-Reader-Info.plist";
				INFOPLIST_KEY_UIApplicationSceneManifest_Generation = YES;
				INFOPLIST_KEY_UIApplicationSupportsIndirectInputEvents = YES;
				INFOPLIST_KEY_UIStatusBarStyle = "";
				INFOPLIST_KEY_UISupportedInterfaceOrientations_iPad = "UIInterfaceOrientationPortrait UIInterfaceOrientationPortraitUpsideDown UIInterfaceOrientationLandscapeLeft UIInterfaceOrientationLandscapeRight";
				INFOPLIST_KEY_UISupportedInterfaceOrientations_iPhone = "UIInterfaceOrientationPortrait UIInterfaceOrientationLandscapeLeft UIInterfaceOrientationLandscapeRight";
				IPHONEOS_DEPLOYMENT_TARGET = 16.4;
				LD_RUNPATH_SEARCH_PATHS = (
					"$(inherited)",
					"@executable_path/Frameworks",
				);
				MARKETING_VERSION = 1.0;
				PRODUCT_BUNDLE_IDENTIFIER = "com.juricroko.RSS-Reader";
				PRODUCT_NAME = "$(TARGET_NAME)";
				SWIFT_EMIT_LOC_STRINGS = YES;
				SWIFT_STRICT_CONCURRENCY = minimal;
				SWIFT_VERSION = 5.0;
				TARGETED_DEVICE_FAMILY = "1,2";
			};
			name = Debug;
		};
		6CEB86932BD9401300CD6B48 /* Release */ = {
			isa = XCBuildConfiguration;
			buildSettings = {
				ASSETCATALOG_COMPILER_APPICON_NAME = AppIcon;
				ASSETCATALOG_COMPILER_GLOBAL_ACCENT_COLOR_NAME = AccentColor;
				CODE_SIGN_STYLE = Automatic;
				CURRENT_PROJECT_VERSION = 1;
				DEVELOPMENT_ASSET_PATHS = "\"RSS Reader/Preview Content\"";
				DEVELOPMENT_TEAM = 58J6LXC5V5;
				ENABLE_PREVIEWS = YES;
				GENERATE_INFOPLIST_FILE = YES;
				INFOPLIST_FILE = "RSS-Reader-Info.plist";
				INFOPLIST_KEY_UIApplicationSceneManifest_Generation = YES;
				INFOPLIST_KEY_UIApplicationSupportsIndirectInputEvents = YES;
				INFOPLIST_KEY_UIStatusBarStyle = "";
				INFOPLIST_KEY_UISupportedInterfaceOrientations_iPad = "UIInterfaceOrientationPortrait UIInterfaceOrientationPortraitUpsideDown UIInterfaceOrientationLandscapeLeft UIInterfaceOrientationLandscapeRight";
				INFOPLIST_KEY_UISupportedInterfaceOrientations_iPhone = "UIInterfaceOrientationPortrait UIInterfaceOrientationLandscapeLeft UIInterfaceOrientationLandscapeRight";
				IPHONEOS_DEPLOYMENT_TARGET = 16.4;
				LD_RUNPATH_SEARCH_PATHS = (
					"$(inherited)",
					"@executable_path/Frameworks",
				);
				MARKETING_VERSION = 1.0;
				PRODUCT_BUNDLE_IDENTIFIER = "com.juricroko.RSS-Reader";
				PRODUCT_NAME = "$(TARGET_NAME)";
				SWIFT_EMIT_LOC_STRINGS = YES;
				SWIFT_STRICT_CONCURRENCY = minimal;
				SWIFT_VERSION = 5.0;
				TARGETED_DEVICE_FAMILY = "1,2";
			};
			name = Release;
		};
		6CEB86952BD9401300CD6B48 /* Debug */ = {
			isa = XCBuildConfiguration;
			buildSettings = {
				ALWAYS_EMBED_SWIFT_STANDARD_LIBRARIES = YES;
				BUNDLE_LOADER = "$(TEST_HOST)";
				CODE_SIGN_STYLE = Automatic;
				CURRENT_PROJECT_VERSION = 1;
				DEVELOPMENT_TEAM = 4VF58SHFND;
				GENERATE_INFOPLIST_FILE = YES;
				IPHONEOS_DEPLOYMENT_TARGET = 17.4;
				MARKETING_VERSION = 1.0;
				PRODUCT_BUNDLE_IDENTIFIER = "com.rjuric.RSS-ReaderTests";
				PRODUCT_NAME = "$(TARGET_NAME)";
				SWIFT_EMIT_LOC_STRINGS = NO;
				SWIFT_VERSION = 5.0;
				TARGETED_DEVICE_FAMILY = "1,2";
				TEST_HOST = "$(BUILT_PRODUCTS_DIR)/RSS Reader.app/$(BUNDLE_EXECUTABLE_FOLDER_PATH)/RSS Reader";
			};
			name = Debug;
		};
		6CEB86962BD9401300CD6B48 /* Release */ = {
			isa = XCBuildConfiguration;
			buildSettings = {
				ALWAYS_EMBED_SWIFT_STANDARD_LIBRARIES = YES;
				BUNDLE_LOADER = "$(TEST_HOST)";
				CODE_SIGN_STYLE = Automatic;
				CURRENT_PROJECT_VERSION = 1;
				DEVELOPMENT_TEAM = 4VF58SHFND;
				GENERATE_INFOPLIST_FILE = YES;
				IPHONEOS_DEPLOYMENT_TARGET = 17.4;
				MARKETING_VERSION = 1.0;
				PRODUCT_BUNDLE_IDENTIFIER = "com.rjuric.RSS-ReaderTests";
				PRODUCT_NAME = "$(TARGET_NAME)";
				SWIFT_EMIT_LOC_STRINGS = NO;
				SWIFT_VERSION = 5.0;
				TARGETED_DEVICE_FAMILY = "1,2";
				TEST_HOST = "$(BUILT_PRODUCTS_DIR)/RSS Reader.app/$(BUNDLE_EXECUTABLE_FOLDER_PATH)/RSS Reader";
			};
			name = Release;
		};
/* End XCBuildConfiguration section */

/* Begin XCConfigurationList section */
		6CEB86682BD9401100CD6B48 /* Build configuration list for PBXProject "RSS Reader" */ = {
			isa = XCConfigurationList;
			buildConfigurations = (
				6CEB868F2BD9401300CD6B48 /* Debug */,
				6CEB86902BD9401300CD6B48 /* Release */,
			);
			defaultConfigurationIsVisible = 0;
			defaultConfigurationName = Release;
		};
		6CEB86912BD9401300CD6B48 /* Build configuration list for PBXNativeTarget "RSS Reader" */ = {
			isa = XCConfigurationList;
			buildConfigurations = (
				6CEB86922BD9401300CD6B48 /* Debug */,
				6CEB86932BD9401300CD6B48 /* Release */,
			);
			defaultConfigurationIsVisible = 0;
			defaultConfigurationName = Release;
		};
		6CEB86942BD9401300CD6B48 /* Build configuration list for PBXNativeTarget "RSS ReaderTests" */ = {
			isa = XCConfigurationList;
			buildConfigurations = (
				6CEB86952BD9401300CD6B48 /* Debug */,
				6CEB86962BD9401300CD6B48 /* Release */,
			);
			defaultConfigurationIsVisible = 0;
			defaultConfigurationName = Release;
		};
/* End XCConfigurationList section */

/* Begin XCRemoteSwiftPackageReference section */
		6C3CBA812BDACD0400CA13A9 /* XCRemoteSwiftPackageReference "FeedKit" */ = {
			isa = XCRemoteSwiftPackageReference;
			repositoryURL = "https://github.com/nmdias/FeedKit.git";
			requirement = {
				kind = exactVersion;
				version = 9.1.2;
			};
		};
/* End XCRemoteSwiftPackageReference section */

/* Begin XCSwiftPackageProductDependency section */
		6C3CBA822BDACD0400CA13A9 /* FeedKit */ = {
			isa = XCSwiftPackageProductDependency;
			package = 6C3CBA812BDACD0400CA13A9 /* XCRemoteSwiftPackageReference "FeedKit" */;
			productName = FeedKit;
		};
/* End XCSwiftPackageProductDependency section */
	};
	rootObject = 6CEB86652BD9401100CD6B48 /* Project object */;
}
